<Solution>
  <Project Path="ArrayApplication/ArrayApplication.csproj" Id="fae7f00f-4fe9-42e3-b45f-5f12778143b7" />
  <Project Path="Collections/Collections.csproj" Id="2dd0860b-22c7-4520-bf73-53fdadc83bab" />
  <Project Path="Constructors/Constructors.csproj" />
  <Project Path="ControlStatements/ControlStatements.csproj" />
  <Project Path="DataTypes/DataTypes.csproj" />
  <Project Path="EH/EH.csproj" Id="25036b85-80cd-40d7-b82f-77b9c38dba12" />
  <Project Path="Fields/Fields.csproj" />
  <Project Path="FileHandling/FileHandling.csproj" Id="a222a571-c418-4958-8af9-c8493d00247f" />
  <Project Path="Generic/Generic.csproj" Id="f1d0d5aa-31d1-48c7-9340-50b5c33925f6" />
  <Project Path="loops/loops.csproj" />
  <Project Path="MethodsParams/MethodsParams.csproj" />
  <Project Path="OOPs/OOPs.csproj" />
  <Project Path="Operators/Operators.csproj" />
  <Project Path="StringApplication/StringApplication.csproj" Id="0ddb0110-b059-48d8-b884-72dbbeeca8d5" />
  <Project Path="TuplesApplication/TuplesApplication.csproj" Id="4cb6c535-5685-47cc-b238-68cca9ba5029" />
  <Project Path="Variables/Variables.csproj" />
</Solution>
